{
  "name": "my-calculator",
  "version": "1.0.0",
  "lockfileVersion": 1,
  "requires": true,
  "dependencies": {
    "ask-sdk-core": {
      "version": "2.10.1",
      "resolved": "https://registry.npmjs.org/ask-sdk-core/-/ask-sdk-core-2.10.1.tgz",
      "integrity": "sha512-C6NaCccoJQaMJYoRlFvS4Yzk3pPTjZF3qAOEyYPZVqOkscZSz0PW25jPhLDwRYp2ynnQbqK9cd6N1APH0Xru7w==",
      "requires": {
        "ask-sdk-runtime": "^2.10.1"
      }
    },
    "ask-sdk-model": {
      "version": "1.34.0",
      "resolved": "https://registry.npmjs.org/ask-sdk-model/-/ask-sdk-model-1.34.0.tgz",
      "integrity": "sha512-Pvs5jaPX3en70UJcWiioW3cFbuam8IT2DyGvYNXo0CvDvO+i/ytKlSE8cZI9pB1PPWBQX3JyrzdhxfZ+pZHAFA=="
    },
    "ask-sdk-runtime": {
      "version": "2.10.1",
      "resolved": "https://registry.npmjs.org/ask-sdk-runtime/-/ask-sdk-runtime-2.10.1.tgz",
      "integrity": "sha512-BFEs0UFGvjpKmbYSVhcFa1Oh+eyfCkWULanV+mWTxHTJ7aeB+UsZ8TvkDWZOnHsn0shAFtvkmun4tjx8eOR7uA=="
    }
  }
}
